
Microsoft Visual Studio Solution File, Format Version 12.00
# Visual Studio 15
VisualStudioVersion = 15.0.27130.2010
MinimumVisualStudioVersion = 10.0.40219.1
Project("{FAE04EC0-301F-11D3-BF4B-00C04F79EFBC}") = "GameProjectApp", "GameProjectApp\GameProjectApp.csproj", "{283FBB98-9C58-486B-AAB8-A8F37ACB1DE9}"
EndProject
Project("{FAE04EC0-301F-11D3-BF4B-00C04F79EFBC}") = "GameEngineTest", "GameEngineTest\GameEngineTest.csproj", "{7734885D-4DF7-476D-A964-183DBB7A165B}"
EndProject
Project("{FAE04EC0-301F-11D3-BF4B-00C04F79EFBC}") = "GameEngine", "GameEngine\GameEngine.csproj", "{BD9909BB-092B-4088-9EA6-9EB3BF121D55}"
EndProject
Global
	GlobalSection(SolutionConfigurationPlatforms) = preSolution
		Debug|Any CPU = Debug|Any CPU
		Release|Any CPU = Release|Any CPU
	EndGlobalSection
	GlobalSection(ProjectConfigurationPlatforms) = postSolution
		{283FBB98-9C58-486B-AAB8-A8F37ACB1DE9}.Debug|Any CPU.ActiveCfg = Debug|Any CPU
		{283FBB98-9C58-486B-AAB8-A8F37ACB1DE9}.Debug|Any CPU.Build.0 = Debug|Any CPU
		{283FBB98-9C58-486B-AAB8-A8F37ACB1DE9}.Release|Any CPU.ActiveCfg = Release|Any CPU
		{283FBB98-9C58-486B-AAB8-A8F37ACB1DE9}.Release|Any CPU.Build.0 = Release|Any CPU
		{7734885D-4DF7-476D-A964-183DBB7A165B}.Debug|Any CPU.ActiveCfg = Debug|Any CPU
		{7734885D-4DF7-476D-A964-183DBB7A165B}.Debug|Any CPU.Build.0 = Debug|Any CPU
		{7734885D-4DF7-476D-A964-183DBB7A165B}.Release|Any CPU.ActiveCfg = Release|Any CPU
		{7734885D-4DF7-476D-A964-183DBB7A165B}.Release|Any CPU.Build.0 = Release|Any CPU
		{BD9909BB-092B-4088-9EA6-9EB3BF121D55}.Debug|Any CPU.ActiveCfg = Debug|Any CPU
		{BD9909BB-092B-4088-9EA6-9EB3BF121D55}.Debug|Any CPU.Build.0 = Debug|Any CPU
		{BD9909BB-092B-4088-9EA6-9EB3BF121D55}.Release|Any CPU.ActiveCfg = Release|Any CPU
		{BD9909BB-092B-4088-9EA6-9EB3BF121D55}.Release|Any CPU.Build.0 = Release|Any CPU
	EndGlobalSection
	GlobalSection(SolutionProperties) = preSolution
		HideSolutionNode = FALSE
	EndGlobalSection
	GlobalSection(ExtensibilityGlobals) = postSolution
		SolutionGuid = {CEC88251-1FCC-4387-BDCD-053C2D19A085}
	EndGlobalSection
EndGlobal
